
Microsoft Visual Studio Solution File, Format Version 12.00
# Visual Studio Version 17
VisualStudioVersion = 17.14.36212.18 d17.14
MinimumVisualStudioVersion = 10.0.40219.1
Project("{FAE04EC0-301F-11D3-BF4B-00C04F79EFBC}") = "100ExoC#", "100ExoC#.csproj", "{B6102795-9055-46BB-9DFA-D0CEC7ACB746}"
EndProject
Global
	GlobalSection(SolutionConfigurationPlatforms) = preSolution
		Debug|Any CPU = Debug|Any CPU
		Release|Any CPU = Release|Any CPU
	EndGlobalSection
	GlobalSection(ProjectConfigurationPlatforms) = postSolution
		{B6102795-9055-46BB-9DFA-D0CEC7ACB746}.Debug|Any CPU.ActiveCfg = Debug|Any CPU
		{B6102795-9055-46BB-9DFA-D0CEC7ACB746}.Debug|Any CPU.Build.0 = Debug|Any CPU
		{B6102795-9055-46BB-9DFA-D0CEC7ACB746}.Release|Any CPU.ActiveCfg = Release|Any CPU
		{B6102795-9055-46BB-9DFA-D0CEC7ACB746}.Release|Any CPU.Build.0 = Release|Any CPU
	EndGlobalSection
	GlobalSection(SolutionProperties) = preSolution
		HideSolutionNode = FALSE
	EndGlobalSection
	GlobalSection(ExtensibilityGlobals) = postSolution
		SolutionGuid = {EFDC1B22-BFAF-4C93-ABEE-2AE46E611322}
	EndGlobalSection
EndGlobal
