
Microsoft Visual Studio Solution File, Format Version 12.00
# Visual Studio Version 17
VisualStudioVersion = 17.14.36212.18 d17.14
MinimumVisualStudioVersion = 10.0.40219.1
Project("{FAE04EC0-301F-11D3-BF4B-00C04F79EFBC}") = "CoursC#Fonction", "CoursC#Fonction.csproj", "{BDC9D3A3-8F2F-4954-B0DA-91517DB23975}"
EndProject
Global
	GlobalSection(SolutionConfigurationPlatforms) = preSolution
		Debug|Any CPU = Debug|Any CPU
		Release|Any CPU = Release|Any CPU
	EndGlobalSection
	GlobalSection(ProjectConfigurationPlatforms) = postSolution
		{BDC9D3A3-8F2F-4954-B0DA-91517DB23975}.Debug|Any CPU.ActiveCfg = Debug|Any CPU
		{BDC9D3A3-8F2F-4954-B0DA-91517DB23975}.Debug|Any CPU.Build.0 = Debug|Any CPU
		{BDC9D3A3-8F2F-4954-B0DA-91517DB23975}.Release|Any CPU.ActiveCfg = Release|Any CPU
		{BDC9D3A3-8F2F-4954-B0DA-91517DB23975}.Release|Any CPU.Build.0 = Release|Any CPU
	EndGlobalSection
	GlobalSection(SolutionProperties) = preSolution
		HideSolutionNode = FALSE
	EndGlobalSection
	GlobalSection(ExtensibilityGlobals) = postSolution
		SolutionGuid = {67DC2F2D-424D-4C02-ABBE-1580A705745A}
	EndGlobalSection
EndGlobal
